
Microsoft Visual Studio Solution File, Format Version 12.00
# Visual Studio Version 16
VisualStudioVersion = 16.0.30114.105
MinimumVisualStudioVersion = 10.0.40219.1
Project("{FAE04EC0-301F-11D3-BF4B-00C04F79EFBC}") = "AirSystem2", "AirSystem2.csproj", "{55B48A91-C5CD-4F58-9DE8-8AE9BA1B2E4E}"
EndProject
Global
	GlobalSection(SolutionConfigurationPlatforms) = preSolution
		Debug|Any CPU = Debug|Any CPU
		Release|Any CPU = Release|Any CPU
	EndGlobalSection
	GlobalSection(ProjectConfigurationPlatforms) = postSolution
		{55B48A91-C5CD-4F58-9DE8-8AE9BA1B2E4E}.Debug|Any CPU.ActiveCfg = Debug|Any CPU
		{55B48A91-C5CD-4F58-9DE8-8AE9BA1B2E4E}.Debug|Any CPU.Build.0 = Debug|Any CPU
		{55B48A91-C5CD-4F58-9DE8-8AE9BA1B2E4E}.Release|Any CPU.ActiveCfg = Release|Any CPU
		{55B48A91-C5CD-4F58-9DE8-8AE9BA1B2E4E}.Release|Any CPU.Build.0 = Release|Any CPU
	EndGlobalSection
	GlobalSection(SolutionProperties) = preSolution
		HideSolutionNode = FALSE
	EndGlobalSection
	GlobalSection(ExtensibilityGlobals) = postSolution
		SolutionGuid = {82D44A96-6456-41AF-B951-224D01DDE8DD}
	EndGlobalSection
EndGlobal
